PODS:
  - Cosmos (18.0.1)
  - Kingfisher (4.10.1)
  - SideMenu (5.0.1)

DEPENDENCIES:
  - Cosmos (= 18.0.1)
  - Kingfisher (= 4.10.1)
  - SideMenu (= 5.0.1)

SPEC REPOS:
  https://github.com/cocoapods/specs.git:
    - Cosmos
    - Kingfisher
    - SideMenu

SPEC CHECKSUMS:
  Cosmos: 7dfaa3f52584ca5f94ab74b5c2e264019cc9f7f5
  Kingfisher: c148cd7b47ebde9989f6bc7c27dcaa79d81279a0
  SideMenu: 87efd943737bb83aedf0358884d09fcf5576636d

PODFILE CHECKSUM: 16973de6e57a4a1007c03f64c91b58fff5a7c437

COCOAPODS: 1.6.0.beta.2
